# THIS IS AN AUTOGENERATED FILE. DO NOT EDIT THIS FILE DIRECTLY.
# yarn lockfile v1


"@angular/material@^16.0.1":
  version "16.0.1"
  resolved "https://registry.yarnpkg.com/@angular/material/-/material-16.0.1.tgz#f0d871bca1b26ebbcfd791b2abe6a49c270d103d"
  integrity sha512-J7qI60CXgixSLtepxzKzSkid9pxgruUfQDfZeTXSzg7WFb7/OgFeggUx0p/BlbC2NIdTaIFBBh71GNve/c1O9Q==
  dependencies:
    "@material/animation" "15.0.0-canary.3b5b55e31.0"
    "@material/auto-init" "15.0.0-canary.3b5b55e31.0"
    "@material/banner" "15.0.0-canary.3b5b55e31.0"
    "@material/base" "15.0.0-canary.3b5b55e31.0"
    "@material/button" "15.0.0-canary.3b5b55e31.0"
    "@material/card" "15.0.0-canary.3b5b55e31.0"
    "@material/checkbox" "15.0.0-canary.3b5b55e31.0"
    "@material/chips" "15.0.0-canary.3b5b55e31.0"
    "@material/circular-progress" "15.0.0-canary.3b5b55e31.0"
    "@material/data-table" "15.0.0-canary.3b5b55e31.0"
    "@material/density" "15.0.0-canary.3b5b55e31.0"
    "@material/dialog" "15.0.0-canary.3b5b55e31.0"
    "@material/dom" "15.0.0-canary.3b5b55e31.0"
    "@material/drawer" "15.0.0-canary.3b5b55e31.0"
    "@material/elevation" "15.0.0-canary.3b5b55e31.0"
    "@material/fab" "15.0.0-canary.3b5b55e31.0"
    "@material/feature-targeting" "15.0.0-canary.3b5b55e31.0"
    "@material/floating-label" "15.0.0-canary.3b5b55e31.0"
    "@material/form-field" "15.0.0-canary.3b5b55e31.0"
    "@material/icon-button" "15.0.0-canary.3b5b55e31.0"
    "@material/image-list" "15.0.0-canary.3b5b55e31.0"
    "@material/layout-grid" "15.0.0-canary.3b5b55e31.0"
    "@material/line-ripple" "15.0.0-canary.3b5b55e31.0"
    "@material/linear-progress" "15.0.0-canary.3b5b55e31.0"
    "@material/list" "15.0.0-canary.3b5b55e31.0"
    "@material/menu" "15.0.0-canary.3b5b55e31.0"
    "@material/menu-surface" "15.0.0-canary.3b5b55e31.0"
    "@material/notched-outline" "15.0.0-canary.3b5b55e31.0"
    "@material/radio" "15.0.0-canary.3b5b55e31.0"
    "@material/ripple" "15.0.0-canary.3b5b55e31.0"
    "@material/rtl" "15.0.0-canary.3b5b55e31.0"
    "@material/segmented-button" "15.0.0-canary.3b5b55e31.0"
    "@material/select" "15.0.0-canary.3b5b55e31.0"
    "@material/shape" "15.0.0-canary.3b5b55e31.0"
    "@material/slider" "15.0.0-canary.3b5b55e31.0"
    "@material/snackbar" "15.0.0-canary.3b5b55e31.0"
    "@material/switch" "15.0.0-canary.3b5b55e31.0"
    "@material/tab" "15.0.0-canary.3b5b55e31.0"
    "@material/tab-bar" "15.0.0-canary.3b5b55e31.0"
    "@material/tab-indicator" "15.0.0-canary.3b5b55e31.0"
    "@material/tab-scroller" "15.0.0-canary.3b5b55e31.0"
    "@material/textfield" "15.0.0-canary.3b5b55e31.0"
    "@material/theme" "15.0.0-canary.3b5b55e31.0"
    "@material/tooltip" "15.0.0-canary.3b5b55e31.0"
    "@material/top-app-bar" "15.0.0-canary.3b5b55e31.0"
    "@material/touch-target" "15.0.0-canary.3b5b55e31.0"
    "@material/typography" "15.0.0-canary.3b5b55e31.0"
    tslib "^2.3.0"

"@material/animation@15.0.0-canary.3b5b55e31.0":
  version "15.0.0-canary.3b5b55e31.0"
  resolved "https://registry.yarnpkg.com/@material/animation/-/animation-15.0.0-canary.3b5b55e31.0.tgz#5fab2ee7c789d1ce78c6b85877fbdf8309699bfd"
  integrity sha512-4OlCKqydjF3JtdioZ5TlpAkSxQyJUjL7jIXzf/xIU6MRVOD9kTyqgUkUKNAq+m0I7rtA834NbF7MVam9lMsdkQ==
  dependencies:
    tslib "^2.1.0"

"@material/auto-init@15.0.0-canary.3b5b55e31.0":
  version "15.0.0-canary.3b5b55e31.0"
  resolved "https://registry.yarnpkg.com/@material/auto-init/-/auto-init-15.0.0-canary.3b5b55e31.0.tgz#a77b9c01eac0ca2ffaa4cb0ead96dc3ee5b96859"
  integrity sha512-s/04P52RsebfLmm0ivlvbW3XcVobZGs2vZM+/HHTX312f9lR9m2gNo3oxWnJKfpLrvzY6zo4NvC9Xb6ZBqvnag==
  dependencies:
    "@material/base" "15.0.0-canary.3b5b55e31.0"
    tslib "^2.1.0"

"@material/banner@15.0.0-canary.3b5b55e31.0":
  version "15.0.0-canary.3b5b55e31.0"
  resolved "https://registry.yarnpkg.com/@material/banner/-/banner-15.0.0-canary.3b5b55e31.0.tgz#835a25de83b272d355d0bec0ef45b921aaf49340"
  integrity sha512-m9zvT8heoKc0sTTJLzx6oWGnEfDkEaQW3UounjmEDwVc/PtiqmZ5qIzdXIseI+sIcFw7poJiyvTHjNrbLbPeiw==
  dependencies:
    "@material/base" "15.0.0-canary.3b5b55e31.0"
    "@material/button" "15.0.0-canary.3b5b55e31.0"
    "@material/dom" "15.0.0-canary.3b5b55e31.0"
    "@material/elevation" "15.0.0-canary.3b5b55e31.0"
    "@material/feature-targeting" "15.0.0-canary.3b5b55e31.0"
    "@material/ripple" "15.0.0-canary.3b5b55e31.0"
    "@material/rtl" "15.0.0-canary.3b5b55e31.0"
    "@material/shape" "15.0.0-canary.3b5b55e31.0"
    "@material/theme" "15.0.0-canary.3b5b55e31.0"
    "@material/tokens" "15.0.0-canary.3b5b55e31.0"
    "@material/typography" "15.0.0-canary.3b5b55e31.0"
    tslib "^2.1.0"

"@material/base@15.0.0-canary.3b5b55e31.0":
  version "15.0.0-canary.3b5b55e31.0"
  resolved "https://registry.yarnpkg.com/@material/base/-/base-15.0.0-canary.3b5b55e31.0.tgz#f5b3fca0f106f46b4d1ee013f3c2a3c121f9ba5c"
  integrity sha512-8DmOJMxY0srjMHPDWdpayEYgVlmpR0zNorpJwJCp/IVESNBo3/BpeZCaulb4goP58/O10yWCqDYewGs4LXfNUA==
  dependencies:
    tslib "^2.1.0"

"@material/button@15.0.0-canary.3b5b55e31.0":
  version "15.0.0-canary.3b5b55e31.0"
  resolved "https://registry.yarnpkg.com/@material/button/-/button-15.0.0-canary.3b5b55e31.0.tgz#ff363f7bd20d6dcdb16f359dab15db32bb3fe19a"
  integrity sha512-O9EIe5xpGHM8NCb2FySv7jP0hXWckk6crxii1c2Y/BD9jhfac971kS6iAsWE2veXPE9b5S19g/n64iaaI6KxHg==
  dependencies:
    "@material/density" "15.0.0-canary.3b5b55e31.0"
    "@material/dom" "15.0.0-canary.3b5b55e31.0"
    "@material/elevation" "15.0.0-canary.3b5b55e31.0"
    "@material/feature-targeting" "15.0.0-canary.3b5b55e31.0"
    "@material/focus-ring" "15.0.0-canary.3b5b55e31.0"
    "@material/ripple" "15.0.0-canary.3b5b55e31.0"
    "@material/rtl" "15.0.0-canary.3b5b55e31.0"
    "@material/shape" "15.0.0-canary.3b5b55e31.0"
    "@material/theme" "15.0.0-canary.3b5b55e31.0"
    "@material/tokens" "15.0.0-canary.3b5b55e31.0"
    "@material/touch-target" "15.0.0-canary.3b5b55e31.0"
    "@material/typography" "15.0.0-canary.3b5b55e31.0"
    tslib "^2.1.0"

"@material/card@15.0.0-canary.3b5b55e31.0":
  version "15.0.0-canary.3b5b55e31.0"
  resolved "https://registry.yarnpkg.com/@material/card/-/card-15.0.0-canary.3b5b55e31.0.tgz#4242057f271de1e9cd6567f9a7f9fd903b6de691"
  integrity sha512-i0CED1wF9mUlbE0Ck57uiwKtXaSSWaHAJ45djdT0HjlLHXay3aEvyKQTjjN4+clgHjL14UiMkrSEM3/cmPs/Wg==
  dependencies:
    "@material/dom" "15.0.0-canary.3b5b55e31.0"
    "@material/elevation" "15.0.0-canary.3b5b55e31.0"
    "@material/feature-targeting" "15.0.0-canary.3b5b55e31.0"
    "@material/ripple" "15.0.0-canary.3b5b55e31.0"
    "@material/rtl" "15.0.0-canary.3b5b55e31.0"
    "@material/shape" "15.0.0-canary.3b5b55e31.0"
    "@material/theme" "15.0.0-canary.3b5b55e31.0"
    "@material/tokens" "15.0.0-canary.3b5b55e31.0"
    tslib "^2.1.0"

"@material/checkbox@15.0.0-canary.3b5b55e31.0":
  version "15.0.0-canary.3b5b55e31.0"
  resolved "https://registry.yarnpkg.com/@material/checkbox/-/checkbox-15.0.0-canary.3b5b55e31.0.tgz#cf7a63feffaec459f131b76cd500fd22a468560b"
  integrity sha512-D9fod/+GYQVjryoWR4pSlXsLrUsosGOdCzlMwxmoJiwla1dUPPfEsgy4h6+ipPQ7hd8KsJ5fn7e1GArd3zzbPw==
  dependencies:
    "@material/animation" "15.0.0-canary.3b5b55e31.0"
    "@material/base" "15.0.0-canary.3b5b55e31.0"
    "@material/density" "15.0.0-canary.3b5b55e31.0"
    "@material/dom" "15.0.0-canary.3b5b55e31.0"
    "@material/feature-targeting" "15.0.0-canary.3b5b55e31.0"
    "@material/focus-ring" "15.0.0-canary.3b5b55e31.0"
    "@material/ripple" "15.0.0-canary.3b5b55e31.0"
    "@material/rtl" "15.0.0-canary.3b5b55e31.0"
    "@material/theme" "15.0.0-canary.3b5b55e31.0"
    "@material/touch-target" "15.0.0-canary.3b5b55e31.0"
    tslib "^2.1.0"

"@material/chips@15.0.0-canary.3b5b55e31.0":
  version "15.0.0-canary.3b5b55e31.0"
  resolved "https://registry.yarnpkg.com/@material/chips/-/chips-15.0.0-canary.3b5b55e31.0.tgz#477cf768e19fb391e39234cfd37241fa118006c0"
  integrity sha512-1s4sK9iunD7lFDCd4jxQiDoY8mOlMywY3AeymsbRrzG6rObLv0AGsX5moyxhpsh/IwSSQFdW4xrtCESu+dRZbg==
  dependencies:
    "@material/animation" "15.0.0-canary.3b5b55e31.0"
    "@material/base" "15.0.0-canary.3b5b55e31.0"
    "@material/checkbox" "15.0.0-canary.3b5b55e31.0"
    "@material/density" "15.0.0-canary.3b5b55e31.0"
    "@material/dom" "15.0.0-canary.3b5b55e31.0"
    "@material/elevation" "15.0.0-canary.3b5b55e31.0"
    "@material/feature-targeting" "15.0.0-canary.3b5b55e31.0"
    "@material/focus-ring" "15.0.0-canary.3b5b55e31.0"
    "@material/ripple" "15.0.0-canary.3b5b55e31.0"
    "@material/rtl" "15.0.0-canary.3b5b55e31.0"
    "@material/shape" "15.0.0-canary.3b5b55e31.0"
    "@material/theme" "15.0.0-canary.3b5b55e31.0"
    "@material/tokens" "15.0.0-canary.3b5b55e31.0"
    "@material/touch-target" "15.0.0-canary.3b5b55e31.0"
    "@material/typography" "15.0.0-canary.3b5b55e31.0"
    safevalues "^0.3.4"
    tslib "^2.1.0"

"@material/circular-progress@15.0.0-canary.3b5b55e31.0":
  version "15.0.0-canary.3b5b55e31.0"
  resolved "https://registry.yarnpkg.com/@material/circular-progress/-/circular-progress-15.0.0-canary.3b5b55e31.0.tgz#33109865fa97437f0b6d9049c188b323f2692f4a"
  integrity sha512-qDOtGRIkA1FGaPXqHVrckOUFWneoWqd1eosRarzNSENmpluIjfFY6DNzrJr6a1Grb82Iaui2Q2XcCVNN8pL9kA==
  dependencies:
    "@material/animation" "15.0.0-canary.3b5b55e31.0"
    "@material/base" "15.0.0-canary.3b5b55e31.0"
    "@material/dom" "15.0.0-canary.3b5b55e31.0"
    "@material/feature-targeting" "15.0.0-canary.3b5b55e31.0"
    "@material/progress-indicator" "15.0.0-canary.3b5b55e31.0"
    "@material/rtl" "15.0.0-canary.3b5b55e31.0"
    "@material/theme" "15.0.0-canary.3b5b55e31.0"
    tslib "^2.1.0"

"@material/data-table@15.0.0-canary.3b5b55e31.0":
  version "15.0.0-canary.3b5b55e31.0"
  resolved "https://registry.yarnpkg.com/@material/data-table/-/data-table-15.0.0-canary.3b5b55e31.0.tgz#1e40f646775e0ac47fc4544512ebf78ff850797d"
  integrity sha512-xlxN6U7wspzzaN7zuxYhmFxpMyL5onBJfaL2LfMiCa8BwaBcDOxXj4nXIQ8CIsZYBpvCFaCRrLx5iS/eIqhQNQ==
  dependencies:
    "@material/animation" "15.0.0-canary.3b5b55e31.0"
    "@material/base" "15.0.0-canary.3b5b55e31.0"
    "@material/checkbox" "15.0.0-canary.3b5b55e31.0"
    "@material/density" "15.0.0-canary.3b5b55e31.0"
    "@material/dom" "15.0.0-canary.3b5b55e31.0"
    "@material/elevation" "15.0.0-canary.3b5b55e31.0"
    "@material/feature-targeting" "15.0.0-canary.3b5b55e31.0"
    "@material/icon-button" "15.0.0-canary.3b5b55e31.0"
    "@material/linear-progress" "15.0.0-canary.3b5b55e31.0"
    "@material/list" "15.0.0-canary.3b5b55e31.0"
    "@material/menu" "15.0.0-canary.3b5b55e31.0"
    "@material/rtl" "15.0.0-canary.3b5b55e31.0"
    "@material/select" "15.0.0-canary.3b5b55e31.0"
    "@material/shape" "15.0.0-canary.3b5b55e31.0"
    "@material/theme" "15.0.0-canary.3b5b55e31.0"
    "@material/tokens" "15.0.0-canary.3b5b55e31.0"
    "@material/touch-target" "15.0.0-canary.3b5b55e31.0"
    "@material/typography" "15.0.0-canary.3b5b55e31.0"
    tslib "^2.1.0"

"@material/density@15.0.0-canary.3b5b55e31.0":
  version "15.0.0-canary.3b5b55e31.0"
  resolved "https://registry.yarnpkg.com/@material/density/-/density-15.0.0-canary.3b5b55e31.0.tgz#8e9dfc956c4433a46da6a494cd7c900877f1f17c"
  integrity sha512-9qVFbTPiZzysa4lkPDhhcq+gOhvNBi4J5Agw7+vBzumgO8o3Msd2/fuIfv0JUv1aMyJPzWN7tsorow8pB9Ft1A==
  dependencies:
    tslib "^2.1.0"

"@material/dialog@15.0.0-canary.3b5b55e31.0":
  version "15.0.0-canary.3b5b55e31.0"
  resolved "https://registry.yarnpkg.com/@material/dialog/-/dialog-15.0.0-canary.3b5b55e31.0.tgz#987f23b92ee1aa3080df64b912ad5e39cb65a607"
  integrity sha512-cSFbYOwOHoz+U9oX7hU8L0CiLHjF0Kalu5Hd66hf2m3K6CJMcbPW8da0nubHckJwRp/POzlCCnc0zDzkHPYx8w==
  dependencies:
    "@material/animation" "15.0.0-canary.3b5b55e31.0"
    "@material/base" "15.0.0-canary.3b5b55e31.0"
    "@material/button" "15.0.0-canary.3b5b55e31.0"
    "@material/dom" "15.0.0-canary.3b5b55e31.0"
    "@material/elevation" "15.0.0-canary.3b5b55e31.0"
    "@material/feature-targeting" "15.0.0-canary.3b5b55e31.0"
    "@material/icon-button" "15.0.0-canary.3b5b55e31.0"
    "@material/ripple" "15.0.0-canary.3b5b55e31.0"
    "@material/rtl" "15.0.0-canary.3b5b55e31.0"
    "@material/shape" "15.0.0-canary.3b5b55e31.0"
    "@material/theme" "15.0.0-canary.3b5b55e31.0"
    "@material/tokens" "15.0.0-canary.3b5b55e31.0"
    "@material/touch-target" "15.0.0-canary.3b5b55e31.0"
    "@material/typography" "15.0.0-canary.3b5b55e31.0"
    tslib "^2.1.0"

"@material/dom@15.0.0-canary.3b5b55e31.0":
  version "15.0.0-canary.3b5b55e31.0"
  resolved "https://registry.yarnpkg.com/@material/dom/-/dom-15.0.0-canary.3b5b55e31.0.tgz#8d34e24759940a338ea376e5896192e062edc93d"
  integrity sha512-3bZN0pJUatMNIRULlMqHOdS/Ewh9Skbe1CUojKlk0voge2n1BRgZAdW1rbArEQs4mLN5RW1oABUHhFn6nCP+xg==
  dependencies:
    "@material/feature-targeting" "15.0.0-canary.3b5b55e31.0"
    "@material/rtl" "15.0.0-canary.3b5b55e31.0"
    tslib "^2.1.0"

"@material/drawer@15.0.0-canary.3b5b55e31.0":
  version "15.0.0-canary.3b5b55e31.0"
  resolved "https://registry.yarnpkg.com/@material/drawer/-/drawer-15.0.0-canary.3b5b55e31.0.tgz#394da9b00f68268b6c1a2805be639f429b49644b"
  integrity sha512-ZwrihhH5M+ioEmnc84st5u2E9x+9bMGPw+yyxglcchtTMA+H87VlcngQgX8qf2fwgEGp2nv6SVXnh9lQya811Q==
  dependencies:
    "@material/animation" "15.0.0-canary.3b5b55e31.0"
    "@material/base" "15.0.0-canary.3b5b55e31.0"
    "@material/dom" "15.0.0-canary.3b5b55e31.0"
    "@material/elevation" "15.0.0-canary.3b5b55e31.0"
    "@material/feature-targeting" "15.0.0-canary.3b5b55e31.0"
    "@material/list" "15.0.0-canary.3b5b55e31.0"
    "@material/ripple" "15.0.0-canary.3b5b55e31.0"
    "@material/rtl" "15.0.0-canary.3b5b55e31.0"
    "@material/shape" "15.0.0-canary.3b5b55e31.0"
    "@material/theme" "15.0.0-canary.3b5b55e31.0"
    "@material/typography" "15.0.0-canary.3b5b55e31.0"
    tslib "^2.1.0"

"@material/elevation@15.0.0-canary.3b5b55e31.0":
  version "15.0.0-canary.3b5b55e31.0"
  resolved "https://registry.yarnpkg.com/@material/elevation/-/elevation-15.0.0-canary.3b5b55e31.0.tgz#5d2acab483237ccc3613165d47fed499b9d7b866"
  integrity sha512-DPmxmCc9nUMhKw4il6pSL00oYyiti3QopfHeq6Fr8qT4hevfzV7tjm0vFbUaQtr4X0/y7WV6SrRDMMWanQkHUg==
  dependencies:
    "@material/animation" "15.0.0-canary.3b5b55e31.0"
    "@material/base" "15.0.0-canary.3b5b55e31.0"
    "@material/feature-targeting" "15.0.0-canary.3b5b55e31.0"
    "@material/rtl" "15.0.0-canary.3b5b55e31.0"
    "@material/theme" "15.0.0-canary.3b5b55e31.0"
    tslib "^2.1.0"

"@material/fab@15.0.0-canary.3b5b55e31.0":
  version "15.0.0-canary.3b5b55e31.0"
  resolved "https://registry.yarnpkg.com/@material/fab/-/fab-15.0.0-canary.3b5b55e31.0.tgz#63e0da5654de4b5cea0d4a1cc13cdd9b40978913"
  integrity sha512-i4p05wgkgUj7isE3Hvlq2Q9knG75AR4GG4259qQNgmcUYJBdmV0vro7RVQL4/majo99rQbhdi0fMzgacJllZgw==
  dependencies:
    "@material/animation" "15.0.0-canary.3b5b55e31.0"
    "@material/dom" "15.0.0-canary.3b5b55e31.0"
    "@material/elevation" "15.0.0-canary.3b5b55e31.0"
    "@material/feature-targeting" "15.0.0-canary.3b5b55e31.0"
    "@material/focus-ring" "15.0.0-canary.3b5b55e31.0"
    "@material/ripple" "15.0.0-canary.3b5b55e31.0"
    "@material/rtl" "15.0.0-canary.3b5b55e31.0"
    "@material/shape" "15.0.0-canary.3b5b55e31.0"
    "@material/theme" "15.0.0-canary.3b5b55e31.0"
    "@material/tokens" "15.0.0-canary.3b5b55e31.0"
    "@material/touch-target" "15.0.0-canary.3b5b55e31.0"
    "@material/typography" "15.0.0-canary.3b5b55e31.0"
    tslib "^2.1.0"

"@material/feature-targeting@15.0.0-canary.3b5b55e31.0":
  version "15.0.0-canary.3b5b55e31.0"
  resolved "https://registry.yarnpkg.com/@material/feature-targeting/-/feature-targeting-15.0.0-canary.3b5b55e31.0.tgz#b8d6225ba8cab92d777d90f7800712b609194112"
  integrity sha512-ZOlpc4s/myUYb+3qP1t+XFFZP5oPYe7R4kXU8N0roG3XXk0RkxiTI8nje2a8Z1HbLIcHHbCtwiPj+STHIYt8tA==
  dependencies:
    tslib "^2.1.0"

"@material/floating-label@15.0.0-canary.3b5b55e31.0":
  version "15.0.0-canary.3b5b55e31.0"
  resolved "https://registry.yarnpkg.com/@material/floating-label/-/floating-label-15.0.0-canary.3b5b55e31.0.tgz#f7104ef361d586c3116c02ebf98aabac20f495d3"
  integrity sha512-YJhfh19zXDKzj0z7RrbZOOnlF5ZIpqIikNEq81VKn78TiiQOe+5x+D2lGfep+tqYf8lJk/zxhtOv55L9755QWQ==
  dependencies:
    "@material/animation" "15.0.0-canary.3b5b55e31.0"
    "@material/base" "15.0.0-canary.3b5b55e31.0"
    "@material/dom" "15.0.0-canary.3b5b55e31.0"
    "@material/feature-targeting" "15.0.0-canary.3b5b55e31.0"
    "@material/rtl" "15.0.0-canary.3b5b55e31.0"
    "@material/theme" "15.0.0-canary.3b5b55e31.0"
    "@material/typography" "15.0.0-canary.3b5b55e31.0"
    tslib "^2.1.0"

"@material/focus-ring@15.0.0-canary.3b5b55e31.0":
  version "15.0.0-canary.3b5b55e31.0"
  resolved "https://registry.yarnpkg.com/@material/focus-ring/-/focus-ring-15.0.0-canary.3b5b55e31.0.tgz#f103282d96f83a4193e0d854f470b88ebb664e61"
  integrity sha512-psrOK7/VN0DtwzJP5a976pqCzqjqwFNFCPuTJxyfrEfhjblAXJhgOVWx8Mm9w7cEB4RuNxNLyhVPKp3kPuIHFw==
  dependencies:
    "@material/dom" "15.0.0-canary.3b5b55e31.0"
    "@material/feature-targeting" "15.0.0-canary.3b5b55e31.0"
    "@material/rtl" "15.0.0-canary.3b5b55e31.0"

"@material/form-field@15.0.0-canary.3b5b55e31.0":
  version "15.0.0-canary.3b5b55e31.0"
  resolved "https://registry.yarnpkg.com/@material/form-field/-/form-field-15.0.0-canary.3b5b55e31.0.tgz#d7aae7af2121ddc89f59a9c8643d6d0d4afe3bf9"
  integrity sha512-/ad0Q8udNtEiPhIMVT1XCf886McDxo3KscH6/v9OJrqrgfVYf052/VjJG4ltTl1DyblT9CVH+syXWh++Y1d6Dg==
  dependencies:
    "@material/base" "15.0.0-canary.3b5b55e31.0"
    "@material/feature-targeting" "15.0.0-canary.3b5b55e31.0"
    "@material/ripple" "15.0.0-canary.3b5b55e31.0"
    "@material/rtl" "15.0.0-canary.3b5b55e31.0"
    "@material/theme" "15.0.0-canary.3b5b55e31.0"
    "@material/typography" "15.0.0-canary.3b5b55e31.0"
    tslib "^2.1.0"

"@material/icon-button@15.0.0-canary.3b5b55e31.0":
  version "15.0.0-canary.3b5b55e31.0"
  resolved "https://registry.yarnpkg.com/@material/icon-button/-/icon-button-15.0.0-canary.3b5b55e31.0.tgz#1b0ae9e61174cb3728ee06eb23488ea9e5983947"
  integrity sha512-MHn/R18YjXH4UIOnZPIcDa1VKTuU/KbXIHaMoLDXDo4QfISoQLs6AbxgK77l6rmFACRi8MHKhRJ8LAdKKUF38w==
  dependencies:
    "@material/base" "15.0.0-canary.3b5b55e31.0"
    "@material/density" "15.0.0-canary.3b5b55e31.0"
    "@material/dom" "15.0.0-canary.3b5b55e31.0"
    "@material/elevation" "15.0.0-canary.3b5b55e31.0"
    "@material/feature-targeting" "15.0.0-canary.3b5b55e31.0"
    "@material/focus-ring" "15.0.0-canary.3b5b55e31.0"
    "@material/ripple" "15.0.0-canary.3b5b55e31.0"
    "@material/rtl" "15.0.0-canary.3b5b55e31.0"
    "@material/theme" "15.0.0-canary.3b5b55e31.0"
    "@material/touch-target" "15.0.0-canary.3b5b55e31.0"
    tslib "^2.1.0"

"@material/image-list@15.0.0-canary.3b5b55e31.0":
  version "15.0.0-canary.3b5b55e31.0"
  resolved "https://registry.yarnpkg.com/@material/image-list/-/image-list-15.0.0-canary.3b5b55e31.0.tgz#77b01e4b4732f656ea08e89ac808a548694ec0fb"
  integrity sha512-tqvCXRfX5d5y9lK7MgP0tbtGvKlTyS1i5BAhYl4PyFY8dFTrTkEU8b2FjcTLby+AJGKSY/EkeWZw8g4YJb0eig==
  dependencies:
    "@material/feature-targeting" "15.0.0-canary.3b5b55e31.0"
    "@material/shape" "15.0.0-canary.3b5b55e31.0"
    "@material/theme" "15.0.0-canary.3b5b55e31.0"
    "@material/typography" "15.0.0-canary.3b5b55e31.0"
    tslib "^2.1.0"

"@material/layout-grid@15.0.0-canary.3b5b55e31.0":
  version "15.0.0-canary.3b5b55e31.0"
  resolved "https://registry.yarnpkg.com/@material/layout-grid/-/layout-grid-15.0.0-canary.3b5b55e31.0.tgz#5da189ad1f2a1e1ee68d8f30a56fabddba013ddc"
  integrity sha512-m1LxCfPYBkCzBVO35/lMRqvi25HLPi8m7rYpWKRvihz8vIMRRlmBsHkvdWahtN1dbQ7eOUOCjgaqM21XFeOzIA==
  dependencies:
    tslib "^2.1.0"

"@material/line-ripple@15.0.0-canary.3b5b55e31.0":
  version "15.0.0-canary.3b5b55e31.0"
  resolved "https://registry.yarnpkg.com/@material/line-ripple/-/line-ripple-15.0.0-canary.3b5b55e31.0.tgz#ebb07561b018cc7dc366a618fab363f0ee20bf92"
  integrity sha512-p92jxhnw7bw9Sxx7P4uTy/mTxQ3+q7uZlRoRy+JtN6y9yEmZ2eqexEjf7IDQEvotHsLam7PKstg2h0X9CtujmA==
  dependencies:
    "@material/animation" "15.0.0-canary.3b5b55e31.0"
    "@material/base" "15.0.0-canary.3b5b55e31.0"
    "@material/feature-targeting" "15.0.0-canary.3b5b55e31.0"
    "@material/theme" "15.0.0-canary.3b5b55e31.0"
    tslib "^2.1.0"

"@material/linear-progress@15.0.0-canary.3b5b55e31.0":
  version "15.0.0-canary.3b5b55e31.0"
  resolved "https://registry.yarnpkg.com/@material/linear-progress/-/linear-progress-15.0.0-canary.3b5b55e31.0.tgz#7ae653c9888ffa125f12de3e6e12aa354ca21a25"
  integrity sha512-Ws3h1iHyHHefHFkFm6t8ORzRs3UdgjjhslLNVB1oHYLWZj2vRizDUuB4aIGbjfTG9UTil8wn6ub9MsyFuH1XQg==
  dependencies:
    "@material/animation" "15.0.0-canary.3b5b55e31.0"
    "@material/base" "15.0.0-canary.3b5b55e31.0"
    "@material/dom" "15.0.0-canary.3b5b55e31.0"
    "@material/feature-targeting" "15.0.0-canary.3b5b55e31.0"
    "@material/progress-indicator" "15.0.0-canary.3b5b55e31.0"
    "@material/rtl" "15.0.0-canary.3b5b55e31.0"
    "@material/theme" "15.0.0-canary.3b5b55e31.0"
    tslib "^2.1.0"

"@material/list@15.0.0-canary.3b5b55e31.0":
  version "15.0.0-canary.3b5b55e31.0"
  resolved "https://registry.yarnpkg.com/@material/list/-/list-15.0.0-canary.3b5b55e31.0.tgz#c0b4292fde301fe0c7b6de697a7575f06a7568f6"
  integrity sha512-xy3PY6RQRCjnO5SuhSaLn2YO4rAU+JZDyDx9Uyx4bfZ+Pgzpst3ji/rbTOtM9sqNoixGWF6SH/e+GlqmVSm9zg==
  dependencies:
    "@material/base" "15.0.0-canary.3b5b55e31.0"
    "@material/density" "15.0.0-canary.3b5b55e31.0"
    "@material/dom" "15.0.0-canary.3b5b55e31.0"
    "@material/feature-targeting" "15.0.0-canary.3b5b55e31.0"
    "@material/ripple" "15.0.0-canary.3b5b55e31.0"
    "@material/rtl" "15.0.0-canary.3b5b55e31.0"
    "@material/shape" "15.0.0-canary.3b5b55e31.0"
    "@material/theme" "15.0.0-canary.3b5b55e31.0"
    "@material/tokens" "15.0.0-canary.3b5b55e31.0"
    "@material/typography" "15.0.0-canary.3b5b55e31.0"
    tslib "^2.1.0"

"@material/menu-surface@15.0.0-canary.3b5b55e31.0":
  version "15.0.0-canary.3b5b55e31.0"
  resolved "https://registry.yarnpkg.com/@material/menu-surface/-/menu-surface-15.0.0-canary.3b5b55e31.0.tgz#2e2a7d55982dde1d334bb85f5eff973f3ded7ee0"
  integrity sha512-GPJeWN0dbB8kDyRpD3kAeYU7DbJPVK0B4zR35K5snKRZZ1V6uTYQfdeCjzZgSU5ivfH4/jxGS9NK/7SnVykOxg==
  dependencies:
    "@material/animation" "15.0.0-canary.3b5b55e31.0"
    "@material/base" "15.0.0-canary.3b5b55e31.0"
    "@material/elevation" "15.0.0-canary.3b5b55e31.0"
    "@material/feature-targeting" "15.0.0-canary.3b5b55e31.0"
    "@material/rtl" "15.0.0-canary.3b5b55e31.0"
    "@material/shape" "15.0.0-canary.3b5b55e31.0"
    "@material/theme" "15.0.0-canary.3b5b55e31.0"
    tslib "^2.1.0"

"@material/menu@15.0.0-canary.3b5b55e31.0":
  version "15.0.0-canary.3b5b55e31.0"
  resolved "https://registry.yarnpkg.com/@material/menu/-/menu-15.0.0-canary.3b5b55e31.0.tgz#3a72e4bd929b102d292668b99daa4c8660b14589"
  integrity sha512-SfA67F7rmUzOWqzpywcbQlZtaZ/UVdXkalS98z3+xWkd+f/KBWZx3HBZLHSjLeablERayZCRCl8U6cwbjtq9Ig==
  dependencies:
    "@material/base" "15.0.0-canary.3b5b55e31.0"
    "@material/dom" "15.0.0-canary.3b5b55e31.0"
    "@material/elevation" "15.0.0-canary.3b5b55e31.0"
    "@material/feature-targeting" "15.0.0-canary.3b5b55e31.0"
    "@material/list" "15.0.0-canary.3b5b55e31.0"
    "@material/menu-surface" "15.0.0-canary.3b5b55e31.0"
    "@material/ripple" "15.0.0-canary.3b5b55e31.0"
    "@material/rtl" "15.0.0-canary.3b5b55e31.0"
    "@material/shape" "15.0.0-canary.3b5b55e31.0"
    "@material/theme" "15.0.0-canary.3b5b55e31.0"
    "@material/tokens" "15.0.0-canary.3b5b55e31.0"
    tslib "^2.1.0"

"@material/notched-outline@15.0.0-canary.3b5b55e31.0":
  version "15.0.0-canary.3b5b55e31.0"
  resolved "https://registry.yarnpkg.com/@material/notched-outline/-/notched-outline-15.0.0-canary.3b5b55e31.0.tgz#17b3180ffe59fa3968ebdd07dc12d9d63243a3e5"
  integrity sha512-rEzFUqaJJ1hX4k7TlWjGONqTeUP+IuIGiGSXnHlYdQRQQiuHTOrwI6b+l8FXgNFMmKMzg6Xzh8sr9jiV+cO5Xg==
  dependencies:
    "@material/base" "15.0.0-canary.3b5b55e31.0"
    "@material/feature-targeting" "15.0.0-canary.3b5b55e31.0"
    "@material/floating-label" "15.0.0-canary.3b5b55e31.0"
    "@material/rtl" "15.0.0-canary.3b5b55e31.0"
    "@material/shape" "15.0.0-canary.3b5b55e31.0"
    "@material/theme" "15.0.0-canary.3b5b55e31.0"
    tslib "^2.1.0"

"@material/progress-indicator@15.0.0-canary.3b5b55e31.0":
  version "15.0.0-canary.3b5b55e31.0"
  resolved "https://registry.yarnpkg.com/@material/progress-indicator/-/progress-indicator-15.0.0-canary.3b5b55e31.0.tgz#87920d248d28ca756b8e82053da0f84afd661848"
  integrity sha512-WY1y0qzVv3DMNNEuQMF/EPbHIrwKbnlpOu/RRDo86D/oa9qmZP8mHe00quopWf9ZduTna2BjTWsQBid1680jAg==
  dependencies:
    tslib "^2.1.0"

"@material/radio@15.0.0-canary.3b5b55e31.0":
  version "15.0.0-canary.3b5b55e31.0"
  resolved "https://registry.yarnpkg.com/@material/radio/-/radio-15.0.0-canary.3b5b55e31.0.tgz#b4a8707edb6f8bbe957f8984b64044bef2f2bf21"
  integrity sha512-JUvJHfAMjTdcsWF5XFnRlvRKTfWmANfU86QouOH9rxY9NYqP9AROR9X/y/A6cE4TMhOdskt4+/ewl9wriSHUUw==
  dependencies:
    "@material/animation" "15.0.0-canary.3b5b55e31.0"
    "@material/base" "15.0.0-canary.3b5b55e31.0"
    "@material/density" "15.0.0-canary.3b5b55e31.0"
    "@material/dom" "15.0.0-canary.3b5b55e31.0"
    "@material/feature-targeting" "15.0.0-canary.3b5b55e31.0"
    "@material/focus-ring" "15.0.0-canary.3b5b55e31.0"
    "@material/ripple" "15.0.0-canary.3b5b55e31.0"
    "@material/theme" "15.0.0-canary.3b5b55e31.0"
    "@material/touch-target" "15.0.0-canary.3b5b55e31.0"
    tslib "^2.1.0"

"@material/ripple@15.0.0-canary.3b5b55e31.0":
  version "15.0.0-canary.3b5b55e31.0"
  resolved "https://registry.yarnpkg.com/@material/ripple/-/ripple-15.0.0-canary.3b5b55e31.0.tgz#a2edabe000096139f82b0214dae94f4145bf55ad"
  integrity sha512-nrce9Qhinq64U2Ld8htuiCtBgSOxeDu+BIi0Red4oicmhTskSaOzC7NS8wjy5Q155YrnaBTsxPJZDjiTsG9e+g==
  dependencies:
    "@material/animation" "15.0.0-canary.3b5b55e31.0"
    "@material/base" "15.0.0-canary.3b5b55e31.0"
    "@material/dom" "15.0.0-canary.3b5b55e31.0"
    "@material/feature-targeting" "15.0.0-canary.3b5b55e31.0"
    "@material/rtl" "15.0.0-canary.3b5b55e31.0"
    "@material/theme" "15.0.0-canary.3b5b55e31.0"
    tslib "^2.1.0"

"@material/rtl@15.0.0-canary.3b5b55e31.0":
  version "15.0.0-canary.3b5b55e31.0"
  resolved "https://registry.yarnpkg.com/@material/rtl/-/rtl-15.0.0-canary.3b5b55e31.0.tgz#9390d75b2a0b947e7598ae0d841c560c954ca708"
  integrity sha512-lSp3UbhYXuW8p3qsqvft+eLxECpKH5xNL4oXc47sH9DsdSFrhFHTCeOtHwz261cMBetAXCaXsz/0BsBOslWoBg==
  dependencies:
    "@material/theme" "15.0.0-canary.3b5b55e31.0"
    tslib "^2.1.0"

"@material/segmented-button@15.0.0-canary.3b5b55e31.0":
  version "15.0.0-canary.3b5b55e31.0"
  resolved "https://registry.yarnpkg.com/@material/segmented-button/-/segmented-button-15.0.0-canary.3b5b55e31.0.tgz#03d75a8fd9b270e1a155afdf35cacec5ee20e3b7"
  integrity sha512-62vr5OhWvf4MzVGx3L8D+wK7IzI+a5wAvW/wkcPOvm4FldTyPiey74zC84Wj8CK82UQqzYJj5jTV5KfOk/2t0w==
  dependencies:
    "@material/base" "15.0.0-canary.3b5b55e31.0"
    "@material/elevation" "15.0.0-canary.3b5b55e31.0"
    "@material/feature-targeting" "15.0.0-canary.3b5b55e31.0"
    "@material/ripple" "15.0.0-canary.3b5b55e31.0"
    "@material/theme" "15.0.0-canary.3b5b55e31.0"
    "@material/touch-target" "15.0.0-canary.3b5b55e31.0"
    "@material/typography" "15.0.0-canary.3b5b55e31.0"
    tslib "^2.1.0"

"@material/select@15.0.0-canary.3b5b55e31.0":
  version "15.0.0-canary.3b5b55e31.0"
  resolved "https://registry.yarnpkg.com/@material/select/-/select-15.0.0-canary.3b5b55e31.0.tgz#e5facb97c614c82da77ff34b4c872e7d05ae3137"
  integrity sha512-2vDCOszy5Len3XQizbEPfoaQZWSFXydc06Tbw6cNzISeHfwAU4LA3aQ9lP7vaukRBthAdy7+o7WHnrnbfVIvZQ==
  dependencies:
    "@material/animation" "15.0.0-canary.3b5b55e31.0"
    "@material/base" "15.0.0-canary.3b5b55e31.0"
    "@material/density" "15.0.0-canary.3b5b55e31.0"
    "@material/dom" "15.0.0-canary.3b5b55e31.0"
    "@material/elevation" "15.0.0-canary.3b5b55e31.0"
    "@material/feature-targeting" "15.0.0-canary.3b5b55e31.0"
    "@material/floating-label" "15.0.0-canary.3b5b55e31.0"
    "@material/line-ripple" "15.0.0-canary.3b5b55e31.0"
    "@material/list" "15.0.0-canary.3b5b55e31.0"
    "@material/menu" "15.0.0-canary.3b5b55e31.0"
    "@material/menu-surface" "15.0.0-canary.3b5b55e31.0"
    "@material/notched-outline" "15.0.0-canary.3b5b55e31.0"
    "@material/ripple" "15.0.0-canary.3b5b55e31.0"
    "@material/rtl" "15.0.0-canary.3b5b55e31.0"
    "@material/shape" "15.0.0-canary.3b5b55e31.0"
    "@material/theme" "15.0.0-canary.3b5b55e31.0"
    "@material/tokens" "15.0.0-canary.3b5b55e31.0"
    "@material/typography" "15.0.0-canary.3b5b55e31.0"
    tslib "^2.1.0"

"@material/shape@15.0.0-canary.3b5b55e31.0":
  version "15.0.0-canary.3b5b55e31.0"
  resolved "https://registry.yarnpkg.com/@material/shape/-/shape-15.0.0-canary.3b5b55e31.0.tgz#990341fb8623be1b7e5cf21d4d890ca6c55482ce"
  integrity sha512-7OMwJr/iWt8secMFtgtzIcMoZo8N/axgGD6yXhAc2wWbdnh0N2h6cqB+aInQeG2oPuOqO7ofEEghSC0TIh7siA==
  dependencies:
    "@material/feature-targeting" "15.0.0-canary.3b5b55e31.0"
    "@material/rtl" "15.0.0-canary.3b5b55e31.0"
    "@material/theme" "15.0.0-canary.3b5b55e31.0"
    tslib "^2.1.0"

"@material/slider@15.0.0-canary.3b5b55e31.0":
  version "15.0.0-canary.3b5b55e31.0"
  resolved "https://registry.yarnpkg.com/@material/slider/-/slider-15.0.0-canary.3b5b55e31.0.tgz#920f8849adc93cb7bdd6f7e432f57491c75de710"
  integrity sha512-Eu/h6pWfhVxm2t/oyQlUXyzh4x0nynvZZl2XanZ4v84Bt4eEGSwjaECQdaU+Wf6pAkwZRx5Acl3LiyV6cu8vRA==
  dependencies:
    "@material/animation" "15.0.0-canary.3b5b55e31.0"
    "@material/base" "15.0.0-canary.3b5b55e31.0"
    "@material/dom" "15.0.0-canary.3b5b55e31.0"
    "@material/elevation" "15.0.0-canary.3b5b55e31.0"
    "@material/feature-targeting" "15.0.0-canary.3b5b55e31.0"
    "@material/ripple" "15.0.0-canary.3b5b55e31.0"
    "@material/rtl" "15.0.0-canary.3b5b55e31.0"
    "@material/theme" "15.0.0-canary.3b5b55e31.0"
    "@material/tokens" "15.0.0-canary.3b5b55e31.0"
    "@material/typography" "15.0.0-canary.3b5b55e31.0"
    tslib "^2.1.0"

"@material/snackbar@15.0.0-canary.3b5b55e31.0":
  version "15.0.0-canary.3b5b55e31.0"
  resolved "https://registry.yarnpkg.com/@material/snackbar/-/snackbar-15.0.0-canary.3b5b55e31.0.tgz#6dc6ad10c050f51dbf6f0efd3593b02eecaa6aa7"
  integrity sha512-gcrCpwYz+QaXqENzVYZhGKxu3i/oM/ZamumLiUORYzt/c5vtGJfSd8l7GoJOPpIyUtBCOSOjc+QRye4KrIbLuw==
  dependencies:
    "@material/animation" "15.0.0-canary.3b5b55e31.0"
    "@material/base" "15.0.0-canary.3b5b55e31.0"
    "@material/button" "15.0.0-canary.3b5b55e31.0"
    "@material/dom" "15.0.0-canary.3b5b55e31.0"
    "@material/elevation" "15.0.0-canary.3b5b55e31.0"
    "@material/feature-targeting" "15.0.0-canary.3b5b55e31.0"
    "@material/icon-button" "15.0.0-canary.3b5b55e31.0"
    "@material/ripple" "15.0.0-canary.3b5b55e31.0"
    "@material/rtl" "15.0.0-canary.3b5b55e31.0"
    "@material/shape" "15.0.0-canary.3b5b55e31.0"
    "@material/theme" "15.0.0-canary.3b5b55e31.0"
    "@material/tokens" "15.0.0-canary.3b5b55e31.0"
    "@material/typography" "15.0.0-canary.3b5b55e31.0"
    tslib "^2.1.0"

"@material/switch@15.0.0-canary.3b5b55e31.0":
  version "15.0.0-canary.3b5b55e31.0"
  resolved "https://registry.yarnpkg.com/@material/switch/-/switch-15.0.0-canary.3b5b55e31.0.tgz#93849928ecc4cc037ae025e0c701b1be77963a89"
  integrity sha512-G83nixwYZQ0YuV4ejH2Ef097sjyHO7r5053lzTaUMJB7wpTz9eyRbtI5TIIpDl9vQ6UA55PeYMvGJWOsL/8yxw==
  dependencies:
    "@material/animation" "15.0.0-canary.3b5b55e31.0"
    "@material/base" "15.0.0-canary.3b5b55e31.0"
    "@material/density" "15.0.0-canary.3b5b55e31.0"
    "@material/dom" "15.0.0-canary.3b5b55e31.0"
    "@material/elevation" "15.0.0-canary.3b5b55e31.0"
    "@material/feature-targeting" "15.0.0-canary.3b5b55e31.0"
    "@material/focus-ring" "15.0.0-canary.3b5b55e31.0"
    "@material/ripple" "15.0.0-canary.3b5b55e31.0"
    "@material/rtl" "15.0.0-canary.3b5b55e31.0"
    "@material/shape" "15.0.0-canary.3b5b55e31.0"
    "@material/theme" "15.0.0-canary.3b5b55e31.0"
    "@material/tokens" "15.0.0-canary.3b5b55e31.0"
    safevalues "^0.3.4"
    tslib "^2.1.0"

"@material/tab-bar@15.0.0-canary.3b5b55e31.0":
  version "15.0.0-canary.3b5b55e31.0"
  resolved "https://registry.yarnpkg.com/@material/tab-bar/-/tab-bar-15.0.0-canary.3b5b55e31.0.tgz#67498c955a629f1bbd3fb3ea6b9faa0dd6cda3ce"
  integrity sha512-hUOHNzH64hAhZ6WQ+HCDradmLGVZkb06/4sPC2dh6C1aMLIhgGoa+MQ+rPXrUZiKk1zupWe2Etgtq3mpCodIyA==
  dependencies:
    "@material/animation" "15.0.0-canary.3b5b55e31.0"
    "@material/base" "15.0.0-canary.3b5b55e31.0"
    "@material/density" "15.0.0-canary.3b5b55e31.0"
    "@material/elevation" "15.0.0-canary.3b5b55e31.0"
    "@material/feature-targeting" "15.0.0-canary.3b5b55e31.0"
    "@material/tab" "15.0.0-canary.3b5b55e31.0"
    "@material/tab-indicator" "15.0.0-canary.3b5b55e31.0"
    "@material/tab-scroller" "15.0.0-canary.3b5b55e31.0"
    "@material/theme" "15.0.0-canary.3b5b55e31.0"
    "@material/tokens" "15.0.0-canary.3b5b55e31.0"
    "@material/typography" "15.0.0-canary.3b5b55e31.0"
    tslib "^2.1.0"

"@material/tab-indicator@15.0.0-canary.3b5b55e31.0":
  version "15.0.0-canary.3b5b55e31.0"
  resolved "https://registry.yarnpkg.com/@material/tab-indicator/-/tab-indicator-15.0.0-canary.3b5b55e31.0.tgz#9b24447804f1c0705989a524ccdf3b03c23b21a6"
  integrity sha512-EEx6trwtWHaD9RE1xBskmy2hSAGe3id+PhXeMRj7TNPZ3g9aFZ/G60y0n8oGs6zg0T8KyHVZ/37fMH/QqoEttg==
  dependencies:
    "@material/animation" "15.0.0-canary.3b5b55e31.0"
    "@material/base" "15.0.0-canary.3b5b55e31.0"
    "@material/feature-targeting" "15.0.0-canary.3b5b55e31.0"
    "@material/theme" "15.0.0-canary.3b5b55e31.0"
    tslib "^2.1.0"

"@material/tab-scroller@15.0.0-canary.3b5b55e31.0":
  version "15.0.0-canary.3b5b55e31.0"
  resolved "https://registry.yarnpkg.com/@material/tab-scroller/-/tab-scroller-15.0.0-canary.3b5b55e31.0.tgz#b9d99d50b6606faba8004e259c0e3d1b6b103420"
  integrity sha512-5F56pIMk43c2kjcvuP3Qs98SORH+Na/q7zr/XM1rip8y/46d1231elqj4uem6TiYD5l89qjbyD+Zq6y+i2KI5g==
  dependencies:
    "@material/animation" "15.0.0-canary.3b5b55e31.0"
    "@material/base" "15.0.0-canary.3b5b55e31.0"
    "@material/dom" "15.0.0-canary.3b5b55e31.0"
    "@material/feature-targeting" "15.0.0-canary.3b5b55e31.0"
    "@material/tab" "15.0.0-canary.3b5b55e31.0"
    tslib "^2.1.0"

"@material/tab@15.0.0-canary.3b5b55e31.0":
  version "15.0.0-canary.3b5b55e31.0"
  resolved "https://registry.yarnpkg.com/@material/tab/-/tab-15.0.0-canary.3b5b55e31.0.tgz#81af66c0e4ec27a4366a765942b4f8d897004644"
  integrity sha512-z7R/6yD53P46LnuieANSBL04JuVSS/8P9FEDuZVqkDkEZzCPdOumTYuj6VE/c9PC5SKM6+4kAbR5deCOhzKmNA==
  dependencies:
    "@material/base" "15.0.0-canary.3b5b55e31.0"
    "@material/elevation" "15.0.0-canary.3b5b55e31.0"
    "@material/feature-targeting" "15.0.0-canary.3b5b55e31.0"
    "@material/focus-ring" "15.0.0-canary.3b5b55e31.0"
    "@material/ripple" "15.0.0-canary.3b5b55e31.0"
    "@material/rtl" "15.0.0-canary.3b5b55e31.0"
    "@material/tab-indicator" "15.0.0-canary.3b5b55e31.0"
    "@material/theme" "15.0.0-canary.3b5b55e31.0"
    "@material/tokens" "15.0.0-canary.3b5b55e31.0"
    "@material/typography" "15.0.0-canary.3b5b55e31.0"
    tslib "^2.1.0"

"@material/textfield@15.0.0-canary.3b5b55e31.0":
  version "15.0.0-canary.3b5b55e31.0"
  resolved "https://registry.yarnpkg.com/@material/textfield/-/textfield-15.0.0-canary.3b5b55e31.0.tgz#ab3a2b6775e14e667a826720e47ca03c22645da7"
  integrity sha512-1nYbaHeesVmSnym6owKC1CDAmoAuhCUKVQ2JKGtnr6gFarmtT5s3ZoJaO4bISgbgN3KP291uFNl4mCqaTGcyBQ==
  dependencies:
    "@material/animation" "15.0.0-canary.3b5b55e31.0"
    "@material/base" "15.0.0-canary.3b5b55e31.0"
    "@material/density" "15.0.0-canary.3b5b55e31.0"
    "@material/dom" "15.0.0-canary.3b5b55e31.0"
    "@material/feature-targeting" "15.0.0-canary.3b5b55e31.0"
    "@material/floating-label" "15.0.0-canary.3b5b55e31.0"
    "@material/line-ripple" "15.0.0-canary.3b5b55e31.0"
    "@material/notched-outline" "15.0.0-canary.3b5b55e31.0"
    "@material/ripple" "15.0.0-canary.3b5b55e31.0"
    "@material/rtl" "15.0.0-canary.3b5b55e31.0"
    "@material/shape" "15.0.0-canary.3b5b55e31.0"
    "@material/theme" "15.0.0-canary.3b5b55e31.0"
    "@material/tokens" "15.0.0-canary.3b5b55e31.0"
    "@material/typography" "15.0.0-canary.3b5b55e31.0"
    tslib "^2.1.0"

"@material/theme@15.0.0-canary.3b5b55e31.0":
  version "15.0.0-canary.3b5b55e31.0"
  resolved "https://registry.yarnpkg.com/@material/theme/-/theme-15.0.0-canary.3b5b55e31.0.tgz#78a46a20659feafced26e0a4c326f4464e1a777d"
  integrity sha512-0v0gtYG7i3JaleFbkP2SOzzD1x4y4IOcbgJanZzi9SkWf/gsVXwbxLID1eUSFIj3+jjqRBl1h2REQ5JL1FEmPg==
  dependencies:
    "@material/feature-targeting" "15.0.0-canary.3b5b55e31.0"
    tslib "^2.1.0"

"@material/tokens@15.0.0-canary.3b5b55e31.0":
  version "15.0.0-canary.3b5b55e31.0"
  resolved "https://registry.yarnpkg.com/@material/tokens/-/tokens-15.0.0-canary.3b5b55e31.0.tgz#20398839ee397adf956dcfeb1016f5b8cd6f7e77"
  integrity sha512-Taj1tlo6yUjDfMXQRYKgDf9lWwDpq8/0y2qxetCddyZxilZKyW2oc5lmbzkHbCpIzYG8in//JAL6pP+JaFn0MA==
  dependencies:
    "@material/elevation" "15.0.0-canary.3b5b55e31.0"

"@material/tooltip@15.0.0-canary.3b5b55e31.0":
  version "15.0.0-canary.3b5b55e31.0"
  resolved "https://registry.yarnpkg.com/@material/tooltip/-/tooltip-15.0.0-canary.3b5b55e31.0.tgz#56fd29c550f1c27bcb087730a774d51aebeca1f7"
  integrity sha512-WxAJ8LxMdvSKgD1tC6mX8VbhLiMxijQm+uGK5XJZIbnHHJ6GNvvj+/kY0UydsaFPpAEtkDr3X4L9v70OF+hBBg==
  dependencies:
    "@material/animation" "15.0.0-canary.3b5b55e31.0"
    "@material/base" "15.0.0-canary.3b5b55e31.0"
    "@material/button" "15.0.0-canary.3b5b55e31.0"
    "@material/dom" "15.0.0-canary.3b5b55e31.0"
    "@material/elevation" "15.0.0-canary.3b5b55e31.0"
    "@material/feature-targeting" "15.0.0-canary.3b5b55e31.0"
    "@material/rtl" "15.0.0-canary.3b5b55e31.0"
    "@material/shape" "15.0.0-canary.3b5b55e31.0"
    "@material/theme" "15.0.0-canary.3b5b55e31.0"
    "@material/tokens" "15.0.0-canary.3b5b55e31.0"
    "@material/typography" "15.0.0-canary.3b5b55e31.0"
    safevalues "^0.3.4"
    tslib "^2.1.0"

"@material/top-app-bar@15.0.0-canary.3b5b55e31.0":
  version "15.0.0-canary.3b5b55e31.0"
  resolved "https://registry.yarnpkg.com/@material/top-app-bar/-/top-app-bar-15.0.0-canary.3b5b55e31.0.tgz#66777cb8009e963b4da99f78869c311afbfbebe5"
  integrity sha512-N8kJQtkZheUpDgtlr0GudAv5OnGiVhuWlk3IGgDAX06O1vvuV2negj7Il0NJ9YsKJ8t5ICKjlxsznskIbMSxmQ==
  dependencies:
    "@material/animation" "15.0.0-canary.3b5b55e31.0"
    "@material/base" "15.0.0-canary.3b5b55e31.0"
    "@material/elevation" "15.0.0-canary.3b5b55e31.0"
    "@material/ripple" "15.0.0-canary.3b5b55e31.0"
    "@material/rtl" "15.0.0-canary.3b5b55e31.0"
    "@material/shape" "15.0.0-canary.3b5b55e31.0"
    "@material/theme" "15.0.0-canary.3b5b55e31.0"
    "@material/typography" "15.0.0-canary.3b5b55e31.0"
    tslib "^2.1.0"

"@material/touch-target@15.0.0-canary.3b5b55e31.0":
  version "15.0.0-canary.3b5b55e31.0"
  resolved "https://registry.yarnpkg.com/@material/touch-target/-/touch-target-15.0.0-canary.3b5b55e31.0.tgz#d4db18e40a0eb20da484631a246f0248c87ea31b"
  integrity sha512-fY9ikQKjIXLzMyAqo2Vuc8cGzEYri5jPIYXckjWjkArXTfzqyv8Va0Du10bHBLzqmbLBANre959IRRWULvLPIg==
  dependencies:
    "@material/base" "15.0.0-canary.3b5b55e31.0"
    "@material/feature-targeting" "15.0.0-canary.3b5b55e31.0"
    "@material/rtl" "15.0.0-canary.3b5b55e31.0"
    "@material/theme" "15.0.0-canary.3b5b55e31.0"
    tslib "^2.1.0"

"@material/typography@15.0.0-canary.3b5b55e31.0":
  version "15.0.0-canary.3b5b55e31.0"
  resolved "https://registry.yarnpkg.com/@material/typography/-/typography-15.0.0-canary.3b5b55e31.0.tgz#e07423c0dd35aded26227d88381e0fb23928e09c"
  integrity sha512-F52n/Mirtkj7kYOxwkP3rMs8WFsMo2qFuA+dFgcyMxvsqPoNU9oZ3AqR+0Lo3VKai3BSVrdukDm+JhvkHB/Smw==
  dependencies:
    "@material/feature-targeting" "15.0.0-canary.3b5b55e31.0"
    "@material/theme" "15.0.0-canary.3b5b55e31.0"
    tslib "^2.1.0"

safevalues@^0.3.4:
  version "0.3.4"
  resolved "https://registry.yarnpkg.com/safevalues/-/safevalues-0.3.4.tgz#82e846a02b6956d7d40bf9f41e92e13fce0186db"
  integrity sha512-LRneZZRXNgjzwG4bDQdOTSbze3fHm1EAKN/8bePxnlEZiBmkYEDggaHbuvHI9/hoqHbGfsEA7tWS9GhYHZBBsw==

tslib@^2.1.0, tslib@^2.3.0:
  version "2.5.2"
  resolved "https://registry.yarnpkg.com/tslib/-/tslib-2.5.2.tgz#1b6f07185c881557b0ffa84b111a0106989e8338"
  integrity sha512-5svOrSA2w3iGFDs1HibEVBGbDrAY82bFQ3HZ3ixB+88nsbsWQoKqDRb5UBYAUPEzbBn6dAp5gRNXglySbx1MlA==
